// !$*UTF8*$!
{
	archiveVersion = 1;
	classes = {
	};
	objectVersion = 63;
	objects = {

/* Begin PBXBuildFile section */
		098995120BFFCF947490D4DC /* FileProviderEnumerator.swift in Sources */ = {isa = PBXBuildFile; fileRef = 716ECBC2572A216D29EFE606 /* FileProviderEnumerator.swift */; };
		0D3B90138BF3E9FC1D3A4C89 /* SettingsView.swift in Sources */ = {isa = PBXBuildFile; fileRef = BD5BF7F7E979EE85818C0CAB /* SettingsView.swift */; };
		1DB9B4B86F4C6B114BF4D604 /* MenuBarView.swift in Sources */ = {isa = PBXBuildFile; fileRef = DBEACCABF52C34F8FB573E07 /* MenuBarView.swift */; };
		1F7DD79EB6E1560119BE678F /* DomainManager.swift in Sources */ = {isa = PBXBuildFile; fileRef = 124BEEAF9234211966BDE4F7 /* DomainManager.swift */; };
		4D445E4E0C7DB999E6B16198 /* HetznerMountKit in Frameworks */ = {isa = PBXBuildFile; productRef = 92FF47BB02FE3B48E61C677C /* HetznerMountKit */; };
		582E9086A978DA7CF58B7D0D /* HetznerMountKit in Frameworks */ = {isa = PBXBuildFile; productRef = B5B8FBB53FE5AEAE6EA2D487 /* HetznerMountKit */; };
		5F721C85576A96EB92FDBE74 /* HetznerMountApp.swift in Sources */ = {isa = PBXBuildFile; fileRef = 40A2A6386D1E38BA5E5DB46F /* HetznerMountApp.swift */; };
		8A2D6F5DFD5803C648955E91 /* FileProviderItem.swift in Sources */ = {isa = PBXBuildFile; fileRef = C001672A8D6DC2D842AAAAC3 /* FileProviderItem.swift */; };
		C0BE0367A21F555C316A9551 /* Assets.xcassets in Resources */ = {isa = PBXBuildFile; fileRef = 39FB417AA1BB3D455A100235 /* Assets.xcassets */; };
		D5729B83C2E04B3CADCF25E0 /* FileProviderExtension.swift in Sources */ = {isa = PBXBuildFile; fileRef = 7F5892DC48F1F51C9376749E /* FileProviderExtension.swift */; };
		E178B646A99087794529F2AB /* FileProviderExtension.appex in Embed Foundation Extensions */ = {isa = PBXBuildFile; fileRef = 92763E59530AB3A22811B8E0 /* FileProviderExtension.appex */; settings = {ATTRIBUTES = (CodeSignOnCopy, RemoveHeadersOnCopy, ); }; };
/* End PBXBuildFile section */

/* Begin PBXContainerItemProxy section */
		609A35ACB816BC3638B85017 /* PBXContainerItemProxy */ = {
			isa = PBXContainerItemProxy;
			containerPortal = E96FACDB8D7F606AAC35C172 /* Project object */;
			proxyType = 1;
			remoteGlobalIDString = DC6AFD9BA1DFCB51D57301F6;
			remoteInfo = FileProviderExtension;
		};
/* End PBXContainerItemProxy section */

/* Begin PBXCopyFilesBuildPhase section */
		CF082FEE68BF13D03767EACF /* Embed Foundation Extensions */ = {
			isa = PBXCopyFilesBuildPhase;
			buildActionMask = 2147483647;
			dstPath = "";
			dstSubfolderSpec = 13;
			files = (
				E178B646A99087794529F2AB /* FileProviderExtension.appex in Embed Foundation Extensions */,
			);
			name = "Embed Foundation Extensions";
			runOnlyForDeploymentPostprocessing = 0;
		};
/* End PBXCopyFilesBuildPhase section */

/* Begin PBXFileReference section */
		124BEEAF9234211966BDE4F7 /* DomainManager.swift */ = {isa = PBXFileReference; lastKnownFileType = sourcecode.swift; path = DomainManager.swift; sourceTree = "<group>"; };
		39FB417AA1BB3D455A100235 /* Assets.xcassets */ = {isa = PBXFileReference; lastKnownFileType = folder.assetcatalog; path = Assets.xcassets; sourceTree = "<group>"; };
		40A2A6386D1E38BA5E5DB46F /* HetznerMountApp.swift */ = {isa = PBXFileReference; lastKnownFileType = sourcecode.swift; path = HetznerMountApp.swift; sourceTree = "<group>"; };
		511312D4259CE5FA9D735A88 /* Info.plist */ = {isa = PBXFileReference; lastKnownFileType = text.plist; path = Info.plist; sourceTree = "<group>"; };
		55E81D5B0FB7C4EBBF2577BB /* FileProviderExtension.entitlements */ = {isa = PBXFileReference; lastKnownFileType = text.plist.entitlements; path = FileProviderExtension.entitlements; sourceTree = "<group>"; };
		716ECBC2572A216D29EFE606 /* FileProviderEnumerator.swift */ = {isa = PBXFileReference; lastKnownFileType = sourcecode.swift; path = FileProviderEnumerator.swift; sourceTree = "<group>"; };
		744DB99FDFA3B32DE9FA8764 /* HetznerMount.entitlements */ = {isa = PBXFileReference; lastKnownFileType = text.plist.entitlements; path = HetznerMount.entitlements; sourceTree = "<group>"; };
		7F5892DC48F1F51C9376749E /* FileProviderExtension.swift */ = {isa = PBXFileReference; lastKnownFileType = sourcecode.swift; path = FileProviderExtension.swift; sourceTree = "<group>"; };
		92763E59530AB3A22811B8E0 /* FileProviderExtension.appex */ = {isa = PBXFileReference; explicitFileType = "wrapper.app-extension"; includeInIndex = 0; path = FileProviderExtension.appex; sourceTree = BUILT_PRODUCTS_DIR; };
		9958CF4CDBD3CA065CC1B8C0 /* HetznerMount.app */ = {isa = PBXFileReference; explicitFileType = wrapper.application; includeInIndex = 0; path = HetznerMount.app; sourceTree = BUILT_PRODUCTS_DIR; };
		BD5BF7F7E979EE85818C0CAB /* SettingsView.swift */ = {isa = PBXFileReference; lastKnownFileType = sourcecode.swift; path = SettingsView.swift; sourceTree = "<group>"; };
		C001672A8D6DC2D842AAAAC3 /* FileProviderItem.swift */ = {isa = PBXFileReference; lastKnownFileType = sourcecode.swift; path = FileProviderItem.swift; sourceTree = "<group>"; };
		CAD7D282F650E608B73E3D3E /* HetznerMountKit */ = {isa = PBXFileReference; lastKnownFileType = folder; name = HetznerMountKit; path = Packages/HetznerMountKit; sourceTree = SOURCE_ROOT; };
		DBEACCABF52C34F8FB573E07 /* MenuBarView.swift */ = {isa = PBXFileReference; lastKnownFileType = sourcecode.swift; path = MenuBarView.swift; sourceTree = "<group>"; };
		F2B202ACF2687B676738E50A /* Info.plist */ = {isa = PBXFileReference; lastKnownFileType = text.plist; path = Info.plist; sourceTree = "<group>"; };
/* End PBXFileReference section */

/* Begin PBXFrameworksBuildPhase section */
		22A09287653C7B8361F0896E /* Frameworks */ = {
			isa = PBXFrameworksBuildPhase;
			buildActionMask = 2147483647;
			files = (
				582E9086A978DA7CF58B7D0D /* HetznerMountKit in Frameworks */,
			);
			runOnlyForDeploymentPostprocessing = 0;
		};
		71DE577638C720197C43617A /* Frameworks */ = {
			isa = PBXFrameworksBuildPhase;
			buildActionMask = 2147483647;
			files = (
				4D445E4E0C7DB999E6B16198 /* HetznerMountKit in Frameworks */,
			);
			runOnlyForDeploymentPostprocessing = 0;
		};
/* End PBXFrameworksBuildPhase section */

/* Begin PBXGroup section */
		25724714FD0B3D3811C3728D /* Services */ = {
			isa = PBXGroup;
			children = (
				124BEEAF9234211966BDE4F7 /* DomainManager.swift */,
			);
			path = Services;
			sourceTree = "<group>";
		};
		2F7B55F55680557D2F31AC35 /* FileProviderExtension */ = {
			isa = PBXGroup;
			children = (
				716ECBC2572A216D29EFE606 /* FileProviderEnumerator.swift */,
				55E81D5B0FB7C4EBBF2577BB /* FileProviderExtension.entitlements */,
				7F5892DC48F1F51C9376749E /* FileProviderExtension.swift */,
				C001672A8D6DC2D842AAAAC3 /* FileProviderItem.swift */,
				F2B202ACF2687B676738E50A /* Info.plist */,
			);
			path = FileProviderExtension;
			sourceTree = "<group>";
		};
		3082B9AE8479E4E99637DBE1 /* Products */ = {
			isa = PBXGroup;
			children = (
				92763E59530AB3A22811B8E0 /* FileProviderExtension.appex */,
				9958CF4CDBD3CA065CC1B8C0 /* HetznerMount.app */,
			);
			name = Products;
			sourceTree = "<group>";
		};
		5842C422E66FFC585DD3BC0A /* Packages */ = {
			isa = PBXGroup;
			children = (
				CAD7D282F650E608B73E3D3E /* HetznerMountKit */,
			);
			path = Packages;
			sourceTree = "<group>";
		};
		659087EC11251951856B4ECE /* Views */ = {
			isa = PBXGroup;
			children = (
				DBEACCABF52C34F8FB573E07 /* MenuBarView.swift */,
				BD5BF7F7E979EE85818C0CAB /* SettingsView.swift */,
			);
			path = Views;
			sourceTree = "<group>";
		};
		7E0DAFBE39425D2F20C9D21A = {
			isa = PBXGroup;
			children = (
				2F7B55F55680557D2F31AC35 /* FileProviderExtension */,
				E40A1152674BA3E014EA81FB /* HetznerMount */,
				5842C422E66FFC585DD3BC0A /* Packages */,
				3082B9AE8479E4E99637DBE1 /* Products */,
			);
			sourceTree = "<group>";
		};
		E40A1152674BA3E014EA81FB /* HetznerMount */ = {
			isa = PBXGroup;
			children = (
				F8D4C9799F5A87EC5E4C04A0 /* Resources */,
				25724714FD0B3D3811C3728D /* Services */,
				659087EC11251951856B4ECE /* Views */,
				744DB99FDFA3B32DE9FA8764 /* HetznerMount.entitlements */,
				40A2A6386D1E38BA5E5DB46F /* HetznerMountApp.swift */,
				511312D4259CE5FA9D735A88 /* Info.plist */,
			);
			path = HetznerMount;
			sourceTree = "<group>";
		};
		F8D4C9799F5A87EC5E4C04A0 /* Resources */ = {
			isa = PBXGroup;
			children = (
				39FB417AA1BB3D455A100235 /* Assets.xcassets */,
			);
			path = Resources;
			sourceTree = "<group>";
		};
/* End PBXGroup section */

/* Begin PBXNativeTarget section */
		DC6AFD9BA1DFCB51D57301F6 /* FileProviderExtension */ = {
			isa = PBXNativeTarget;
			buildConfigurationList = 3AB13E9061D45A8F34EF0389 /* Build configuration list for PBXNativeTarget "FileProviderExtension" */;
			buildPhases = (
				B4E73BAAE2792DC5141F1924 /* Sources */,
				71DE577638C720197C43617A /* Frameworks */,
			);
			buildRules = (
			);
			dependencies = (
			);
			name = FileProviderExtension;
			packageProductDependencies = (
				92FF47BB02FE3B48E61C677C /* HetznerMountKit */,
			);
			productName = FileProviderExtension;
			productReference = 92763E59530AB3A22811B8E0 /* FileProviderExtension.appex */;
			productType = "com.apple.product-type.app-extension";
		};
		F6A31DD39C549344BBAE7B9E /* HetznerMount */ = {
			isa = PBXNativeTarget;
			buildConfigurationList = 52DDB1E84A41CFAA2DA9D188 /* Build configuration list for PBXNativeTarget "HetznerMount" */;
			buildPhases = (
				347FC41521B9E43D15AD07B5 /* Sources */,
				00AD348DF75583739A45FA23 /* Resources */,
				22A09287653C7B8361F0896E /* Frameworks */,
				CF082FEE68BF13D03767EACF /* Embed Foundation Extensions */,
			);
			buildRules = (
			);
			dependencies = (
				BF83EFABD07C384237B2FB04 /* PBXTargetDependency */,
			);
			name = HetznerMount;
			packageProductDependencies = (
				B5B8FBB53FE5AEAE6EA2D487 /* HetznerMountKit */,
			);
			productName = HetznerMount;
			productReference = 9958CF4CDBD3CA065CC1B8C0 /* HetznerMount.app */;
			productType = "com.apple.product-type.application";
		};
/* End PBXNativeTarget section */

/* Begin PBXProject section */
		E96FACDB8D7F606AAC35C172 /* Project object */ = {
			isa = PBXProject;
			attributes = {
				BuildIndependentTargetsInParallel = YES;
				LastUpgradeCheck = 2620;
			};
			buildConfigurationList = 755F7C825DF03C6DDE9EEACB /* Build configuration list for PBXProject "HetznerMount" */;
			compatibilityVersion = "Xcode 14.0";
			developmentRegion = en;
			hasScannedForEncodings = 0;
			knownRegions = (
				Base,
				en,
			);
			mainGroup = 7E0DAFBE39425D2F20C9D21A;
			minimizedProjectReferenceProxies = 1;
			packageReferences = (
				4D485F5C27AF35DD81B733BD /* XCLocalSwiftPackageReference "Packages/HetznerMountKit" */,
			);
			projectDirPath = "";
			projectRoot = "";
			targets = (
				DC6AFD9BA1DFCB51D57301F6 /* FileProviderExtension */,
				F6A31DD39C549344BBAE7B9E /* HetznerMount */,
			);
		};
/* End PBXProject section */

/* Begin PBXResourcesBuildPhase section */
		00AD348DF75583739A45FA23 /* Resources */ = {
			isa = PBXResourcesBuildPhase;
			buildActionMask = 2147483647;
			files = (
				C0BE0367A21F555C316A9551 /* Assets.xcassets in Resources */,
			);
			runOnlyForDeploymentPostprocessing = 0;
		};
/* End PBXResourcesBuildPhase section */

/* Begin PBXSourcesBuildPhase section */
		347FC41521B9E43D15AD07B5 /* Sources */ = {
			isa = PBXSourcesBuildPhase;
			buildActionMask = 2147483647;
			files = (
				1F7DD79EB6E1560119BE678F /* DomainManager.swift in Sources */,
				5F721C85576A96EB92FDBE74 /* HetznerMountApp.swift in Sources */,
				1DB9B4B86F4C6B114BF4D604 /* MenuBarView.swift in Sources */,
				0D3B90138BF3E9FC1D3A4C89 /* SettingsView.swift in Sources */,
			);
			runOnlyForDeploymentPostprocessing = 0;
		};
		B4E73BAAE2792DC5141F1924 /* Sources */ = {
			isa = PBXSourcesBuildPhase;
			buildActionMask = 2147483647;
			files = (
				098995120BFFCF947490D4DC /* FileProviderEnumerator.swift in Sources */,
				D5729B83C2E04B3CADCF25E0 /* FileProviderExtension.swift in Sources */,
				8A2D6F5DFD5803C648955E91 /* FileProviderItem.swift in Sources */,
			);
			runOnlyForDeploymentPostprocessing = 0;
		};
/* End PBXSourcesBuildPhase section */

/* Begin PBXTargetDependency section */
		BF83EFABD07C384237B2FB04 /* PBXTargetDependency */ = {
			isa = PBXTargetDependency;
			target = DC6AFD9BA1DFCB51D57301F6 /* FileProviderExtension */;
			targetProxy = 609A35ACB816BC3638B85017 /* PBXContainerItemProxy */;
		};
/* End PBXTargetDependency section */

/* Begin XCBuildConfiguration section */
		2B7B9CC9DC4E1026EAE8C0A0 /* Debug */ = {
			isa = XCBuildConfiguration;
			buildSettings = {
				ALWAYS_SEARCH_USER_PATHS = NO;
				CLANG_ANALYZER_NONNULL = YES;
				CLANG_ANALYZER_NUMBER_OBJECT_CONVERSION = YES_AGGRESSIVE;
				CLANG_CXX_LANGUAGE_STANDARD = "gnu++14";
				CLANG_CXX_LIBRARY = "libc++";
				CLANG_ENABLE_MODULES = YES;
				CLANG_ENABLE_OBJC_ARC = YES;
				CLANG_ENABLE_OBJC_WEAK = YES;
				CLANG_WARN_BLOCK_CAPTURE_AUTORELEASING = YES;
				CLANG_WARN_BOOL_CONVERSION = YES;
				CLANG_WARN_COMMA = YES;
				CLANG_WARN_CONSTANT_CONVERSION = YES;
				CLANG_WARN_DEPRECATED_OBJC_IMPLEMENTATIONS = YES;
				CLANG_WARN_DIRECT_OBJC_ISA_USAGE = YES_ERROR;
				CLANG_WARN_DOCUMENTATION_COMMENTS = YES;
				CLANG_WARN_EMPTY_BODY = YES;
				CLANG_WARN_ENUM_CONVERSION = YES;
				CLANG_WARN_INFINITE_RECURSION = YES;
				CLANG_WARN_INT_CONVERSION = YES;
				CLANG_WARN_NON_LITERAL_NULL_CONVERSION = YES;
				CLANG_WARN_OBJC_IMPLICIT_RETAIN_SELF = YES;
				CLANG_WARN_OBJC_LITERAL_CONVERSION = YES;
				CLANG_WARN_OBJC_ROOT_CLASS = YES_ERROR;
				CLANG_WARN_QUOTED_INCLUDE_IN_FRAMEWORK_HEADER = YES;
				CLANG_WARN_RANGE_LOOP_ANALYSIS = YES;
				CLANG_WARN_STRICT_PROTOTYPES = YES;
				CLANG_WARN_SUSPICIOUS_MOVE = YES;
				CLANG_WARN_UNGUARDED_AVAILABILITY = YES_AGGRESSIVE;
				CLANG_WARN_UNREACHABLE_CODE = YES;
				CLANG_WARN__DUPLICATE_METHOD_MATCH = YES;
				COPY_PHASE_STRIP = NO;
				DEAD_CODE_STRIPPING = YES;
				DEBUG_INFORMATION_FORMAT = dwarf;
				ENABLE_STRICT_OBJC_MSGSEND = YES;
				ENABLE_TESTABILITY = YES;
				ENABLE_USER_SCRIPT_SANDBOXING = YES;
				GCC_C_LANGUAGE_STANDARD = gnu11;
				GCC_DYNAMIC_NO_PIC = NO;
				GCC_NO_COMMON_BLOCKS = YES;
				GCC_OPTIMIZATION_LEVEL = 0;
				GCC_PREPROCESSOR_DEFINITIONS = (
					"$(inherited)",
					"DEBUG=1",
				);
				GCC_WARN_64_TO_32_BIT_CONVERSION = YES;
				GCC_WARN_ABOUT_RETURN_TYPE = YES_ERROR;
				GCC_WARN_UNDECLARED_SELECTOR = YES;
				GCC_WARN_UNINITIALIZED_AUTOS = YES_AGGRESSIVE;
				GCC_WARN_UNUSED_FUNCTION = YES;
				GCC_WARN_UNUSED_VARIABLE = YES;
				MACOSX_DEPLOYMENT_TARGET = 14.0;
				MTL_ENABLE_DEBUG_INFO = INCLUDE_SOURCE;
				MTL_FAST_MATH = YES;
				ONLY_ACTIVE_ARCH = YES;
				PRODUCT_NAME = "$(TARGET_NAME)";
				SDKROOT = macosx;
				STRING_CATALOG_GENERATE_SYMBOLS = YES;
				SWIFT_ACTIVE_COMPILATION_CONDITIONS = DEBUG;
				SWIFT_OPTIMIZATION_LEVEL = "-Onone";
				SWIFT_VERSION = 5.0;
			};
			name = Debug;
		};
		34B569DBF6BD4872C2AFF439 /* Debug */ = {
			isa = XCBuildConfiguration;
			buildSettings = {
				ASSETCATALOG_COMPILER_APPICON_NAME = AppIcon;
				CODE_SIGN_ENTITLEMENTS = HetznerMount/HetznerMount.entitlements;
				CODE_SIGN_IDENTITY = "Apple Development";
				CODE_SIGN_STYLE = Automatic;
				COMBINE_HIDPI_IMAGES = YES;
				DEAD_CODE_STRIPPING = YES;
				DEVELOPMENT_TEAM = NF3665C282;
				ENABLE_APP_SANDBOX = YES;
				ENABLE_HARDENED_RUNTIME = YES;
				ENABLE_OUTGOING_NETWORK_CONNECTIONS = YES;
				INFOPLIST_FILE = HetznerMount/Info.plist;
				LD_RUNPATH_SEARCH_PATHS = (
					"$(inherited)",
					"@executable_path/../Frameworks",
				);
				MACOSX_DEPLOYMENT_TARGET = 14.0;
				PRODUCT_BUNDLE_IDENTIFIER = com.hetzner.mount.app;
				PRODUCT_NAME = HetznerMount;
				PROVISIONING_PROFILE_SPECIFIER = "";
				REGISTER_APP_GROUPS = YES;
				SDKROOT = macosx;
				SWIFT_VERSION = 5.9;
			};
			name = Debug;
		};
		499C363BD8095023A1F286F1 /* Release */ = {
			isa = XCBuildConfiguration;
			buildSettings = {
				CODE_SIGN_ENTITLEMENTS = FileProviderExtension/FileProviderExtension.entitlements;
				CODE_SIGN_IDENTITY = "Apple Development";
				CODE_SIGN_STYLE = Automatic;
				COMBINE_HIDPI_IMAGES = YES;
				DEAD_CODE_STRIPPING = YES;
				DEVELOPMENT_TEAM = NF3665C282;
				ENABLE_APP_SANDBOX = YES;
				ENABLE_HARDENED_RUNTIME = YES;
				ENABLE_OUTGOING_NETWORK_CONNECTIONS = YES;
				INFOPLIST_FILE = FileProviderExtension/Info.plist;
				LD_RUNPATH_SEARCH_PATHS = (
					"$(inherited)",
					"@executable_path/../Frameworks",
					"@executable_path/../../../../Frameworks",
				);
				MACOSX_DEPLOYMENT_TARGET = 14.0;
				PRODUCT_BUNDLE_IDENTIFIER = com.hetzner.mount.app.fileprovider;
				PRODUCT_NAME = FileProviderExtension;
				PROVISIONING_PROFILE_SPECIFIER = "";
				REGISTER_APP_GROUPS = YES;
				SDKROOT = macosx;
				SKIP_INSTALL = YES;
				SWIFT_VERSION = 5.9;
			};
			name = Release;
		};
		8D3C53DE90306743C159821A /* Debug */ = {
			isa = XCBuildConfiguration;
			buildSettings = {
				CODE_SIGN_ENTITLEMENTS = FileProviderExtension/FileProviderExtension.entitlements;
				CODE_SIGN_IDENTITY = "Apple Development";
				CODE_SIGN_STYLE = Automatic;
				COMBINE_HIDPI_IMAGES = YES;
				DEAD_CODE_STRIPPING = YES;
				DEVELOPMENT_TEAM = NF3665C282;
				ENABLE_APP_SANDBOX = YES;
				ENABLE_HARDENED_RUNTIME = YES;
				ENABLE_OUTGOING_NETWORK_CONNECTIONS = YES;
				INFOPLIST_FILE = FileProviderExtension/Info.plist;
				LD_RUNPATH_SEARCH_PATHS = (
					"$(inherited)",
					"@executable_path/../Frameworks",
					"@executable_path/../../../../Frameworks",
				);
				MACOSX_DEPLOYMENT_TARGET = 14.0;
				PRODUCT_BUNDLE_IDENTIFIER = com.hetzner.mount.app.fileprovider;
				PRODUCT_NAME = FileProviderExtension;
				PROVISIONING_PROFILE_SPECIFIER = "";
				REGISTER_APP_GROUPS = YES;
				SDKROOT = macosx;
				SKIP_INSTALL = YES;
				SWIFT_VERSION = 5.9;
			};
			name = Debug;
		};
		CE4AC8B0011E201CC23C339F /* Release */ = {
			isa = XCBuildConfiguration;
			buildSettings = {
				ALWAYS_SEARCH_USER_PATHS = NO;
				CLANG_ANALYZER_NONNULL = YES;
				CLANG_ANALYZER_NUMBER_OBJECT_CONVERSION = YES_AGGRESSIVE;
				CLANG_CXX_LANGUAGE_STANDARD = "gnu++14";
				CLANG_CXX_LIBRARY = "libc++";
				CLANG_ENABLE_MODULES = YES;
				CLANG_ENABLE_OBJC_ARC = YES;
				CLANG_ENABLE_OBJC_WEAK = YES;
				CLANG_WARN_BLOCK_CAPTURE_AUTORELEASING = YES;
				CLANG_WARN_BOOL_CONVERSION = YES;
				CLANG_WARN_COMMA = YES;
				CLANG_WARN_CONSTANT_CONVERSION = YES;
				CLANG_WARN_DEPRECATED_OBJC_IMPLEMENTATIONS = YES;
				CLANG_WARN_DIRECT_OBJC_ISA_USAGE = YES_ERROR;
				CLANG_WARN_DOCUMENTATION_COMMENTS = YES;
				CLANG_WARN_EMPTY_BODY = YES;
				CLANG_WARN_ENUM_CONVERSION = YES;
				CLANG_WARN_INFINITE_RECURSION = YES;
				CLANG_WARN_INT_CONVERSION = YES;
				CLANG_WARN_NON_LITERAL_NULL_CONVERSION = YES;
				CLANG_WARN_OBJC_IMPLICIT_RETAIN_SELF = YES;
				CLANG_WARN_OBJC_LITERAL_CONVERSION = YES;
				CLANG_WARN_OBJC_ROOT_CLASS = YES_ERROR;
				CLANG_WARN_QUOTED_INCLUDE_IN_FRAMEWORK_HEADER = YES;
				CLANG_WARN_RANGE_LOOP_ANALYSIS = YES;
				CLANG_WARN_STRICT_PROTOTYPES = YES;
				CLANG_WARN_SUSPICIOUS_MOVE = YES;
				CLANG_WARN_UNGUARDED_AVAILABILITY = YES_AGGRESSIVE;
				CLANG_WARN_UNREACHABLE_CODE = YES;
				CLANG_WARN__DUPLICATE_METHOD_MATCH = YES;
				COPY_PHASE_STRIP = NO;
				DEAD_CODE_STRIPPING = YES;
				DEBUG_INFORMATION_FORMAT = "dwarf-with-dsym";
				ENABLE_NS_ASSERTIONS = NO;
				ENABLE_STRICT_OBJC_MSGSEND = YES;
				ENABLE_USER_SCRIPT_SANDBOXING = YES;
				GCC_C_LANGUAGE_STANDARD = gnu11;
				GCC_NO_COMMON_BLOCKS = YES;
				GCC_WARN_64_TO_32_BIT_CONVERSION = YES;
				GCC_WARN_ABOUT_RETURN_TYPE = YES_ERROR;
				GCC_WARN_UNDECLARED_SELECTOR = YES;
				GCC_WARN_UNINITIALIZED_AUTOS = YES_AGGRESSIVE;
				GCC_WARN_UNUSED_FUNCTION = YES;
				GCC_WARN_UNUSED_VARIABLE = YES;
				MACOSX_DEPLOYMENT_TARGET = 14.0;
				MTL_ENABLE_DEBUG_INFO = NO;
				MTL_FAST_MATH = YES;
				PRODUCT_NAME = "$(TARGET_NAME)";
				SDKROOT = macosx;
				STRING_CATALOG_GENERATE_SYMBOLS = YES;
				SWIFT_COMPILATION_MODE = wholemodule;
				SWIFT_OPTIMIZATION_LEVEL = "-O";
				SWIFT_VERSION = 5.0;
			};
			name = Release;
		};
		F4E2C9E3D55E58B4E89F1B00 /* Release */ = {
			isa = XCBuildConfiguration;
			buildSettings = {
				ASSETCATALOG_COMPILER_APPICON_NAME = AppIcon;
				CODE_SIGN_ENTITLEMENTS = HetznerMount/HetznerMount.entitlements;
				CODE_SIGN_IDENTITY = "Apple Development";
				CODE_SIGN_STYLE = Automatic;
				COMBINE_HIDPI_IMAGES = YES;
				DEAD_CODE_STRIPPING = YES;
				DEVELOPMENT_TEAM = NF3665C282;
				ENABLE_APP_SANDBOX = YES;
				ENABLE_HARDENED_RUNTIME = YES;
				ENABLE_OUTGOING_NETWORK_CONNECTIONS = YES;
				INFOPLIST_FILE = HetznerMount/Info.plist;
				LD_RUNPATH_SEARCH_PATHS = (
					"$(inherited)",
					"@executable_path/../Frameworks",
				);
				MACOSX_DEPLOYMENT_TARGET = 14.0;
				PRODUCT_BUNDLE_IDENTIFIER = com.hetzner.mount.app;
				PRODUCT_NAME = HetznerMount;
				PROVISIONING_PROFILE_SPECIFIER = "";
				REGISTER_APP_GROUPS = YES;
				SDKROOT = macosx;
				SWIFT_VERSION = 5.9;
			};
			name = Release;
		};
/* End XCBuildConfiguration section */

/* Begin XCConfigurationList section */
		3AB13E9061D45A8F34EF0389 /* Build configuration list for PBXNativeTarget "FileProviderExtension" */ = {
			isa = XCConfigurationList;
			buildConfigurations = (
				8D3C53DE90306743C159821A /* Debug */,
				499C363BD8095023A1F286F1 /* Release */,
			);
			defaultConfigurationIsVisible = 0;
			defaultConfigurationName = Debug;
		};
		52DDB1E84A41CFAA2DA9D188 /* Build configuration list for PBXNativeTarget "HetznerMount" */ = {
			isa = XCConfigurationList;
			buildConfigurations = (
				34B569DBF6BD4872C2AFF439 /* Debug */,
				F4E2C9E3D55E58B4E89F1B00 /* Release */,
			);
			defaultConfigurationIsVisible = 0;
			defaultConfigurationName = Debug;
		};
		755F7C825DF03C6DDE9EEACB /* Build configuration list for PBXProject "HetznerMount" */ = {
			isa = XCConfigurationList;
			buildConfigurations = (
				2B7B9CC9DC4E1026EAE8C0A0 /* Debug */,
				CE4AC8B0011E201CC23C339F /* Release */,
			);
			defaultConfigurationIsVisible = 0;
			defaultConfigurationName = Debug;
		};
/* End XCConfigurationList section */

/* Begin XCLocalSwiftPackageReference section */
		4D485F5C27AF35DD81B733BD /* XCLocalSwiftPackageReference "Packages/HetznerMountKit" */ = {
			isa = XCLocalSwiftPackageReference;
			relativePath = Packages/HetznerMountKit;
		};
/* End XCLocalSwiftPackageReference section */

/* Begin XCSwiftPackageProductDependency section */
		92FF47BB02FE3B48E61C677C /* HetznerMountKit */ = {
			isa = XCSwiftPackageProductDependency;
			productName = HetznerMountKit;
		};
		B5B8FBB53FE5AEAE6EA2D487 /* HetznerMountKit */ = {
			isa = XCSwiftPackageProductDependency;
			productName = HetznerMountKit;
		};
/* End XCSwiftPackageProductDependency section */
	};
	rootObject = E96FACDB8D7F606AAC35C172 /* Project object */;
}
